{
    "_readme": [
        "This file locks the dependencies of your project to a known state",
        "Read more about it at https://getcomposer.org/doc/01-basic-usage.md#installing-dependencies",
        "This file is @generated automatically"
    ],
    "content-hash": "8dec5d1844aa44eee3c39a8eb03a9696",
    "packages": [
        {
            "name": "php-ds/php-ds",
            "version": "v1.7.0",
            "source": {
                "type": "git",
                "url": "https://github.com/php-ds/polyfill.git",
                "reference": "017fb5cdfa52a1f13126c94987b04b884c44f9cd"
            },
            "dist": {
                "type": "zip",
                "url": "https://api.github.com/repos/php-ds/polyfill/zipball/017fb5cdfa52a1f13126c94987b04b884c44f9cd",
                "reference": "017fb5cdfa52a1f13126c94987b04b884c44f9cd",
                "shasum": ""
            },
            "require": {
                "ext-json": "*",
                "php": ">=7.4"
            },
            "provide": {
                "ext-ds": "1.5.0"
            },
            "require-dev": {
                "php-ds/tests": "^1.5"
            },
            "suggest": {
                "ext-ds": "to improve performance and reduce memory usage"
            },
            "type": "library",
            "autoload": {
                "psr-4": {
                    "Ds\\": "src"
                }
            },
            "notification-url": "https://packagist.org/downloads/",
            "license": [
                "MIT"
            ],
            "authors": [
                {
                    "name": "Rudi Theunissen",
                    "email": "rudolf.theunissen@gmail.com"
                }
            ],
            "description": "Specialized data structures as alternatives to the PHP array",
            "keywords": [
                "data structures",
                "ds",
                "php",
                "polyfill"
            ],
            "support": {
                "issues": "https://github.com/php-ds/polyfill/issues",
                "source": "https://github.com/php-ds/polyfill/tree/v1.7.0"
            },
            "time": "2025-05-18T04:50:53+00:00"
        },
        {
            "name": "psr/log",
            "version": "3.0.2",
            "source": {
                "type": "git",
                "url": "https://github.com/php-fig/log.git",
                "reference": "f16e1d5863e37f8d8c2a01719f5b34baa2b714d3"
            },
            "dist": {
                "type": "zip",
                "url": "https://api.github.com/repos/php-fig/log/zipball/f16e1d5863e37f8d8c2a01719f5b34baa2b714d3",
                "reference": "f16e1d5863e37f8d8c2a01719f5b34baa2b714d3",
                "shasum": ""
            },
            "require": {
                "php": ">=8.0.0"
            },
            "type": "library",
            "extra": {
                "branch-alias": {
                    "dev-master": "3.x-dev"
                }
            },
            "autoload": {
                "psr-4": {
                    "Psr\\Log\\": "src"
                }
            },
            "notification-url": "https://packagist.org/downloads/",
            "license": [
                "MIT"
            ],
            "authors": [
                {
                    "name": "PHP-FIG",
                    "homepage": "https://www.php-fig.org/"
                }
            ],
            "description": "Common interface for logging libraries",
            "homepage": "https://github.com/php-fig/log",
            "keywords": [
                "log",
                "psr",
                "psr-3"
            ],
            "support": {
                "source": "https://github.com/php-fig/log/tree/3.0.2"
            },
            "time": "2024-09-11T13:17:53+00:00"
        },
        {
            "name": "yoomoney/yookassa-sdk-php",
            "version": "3.10.0",
            "source": {
                "type": "git",
                "url": "https://git.yoomoney.ru/scm/sdk/yookassa-sdk-php.git",
                "reference": "07548dff5e56d0bf8b83eb4159ee513f3453effd"
            },
            "dist": {
                "type": "zip",
                "url": "https://git.yoomoney.ru/rest/api/latest/projects/SDK/repos/yookassa-sdk-php/archive?at=refs%2Ftags%2F3.10.0&format=zip",
                "reference": "07548dff5e56d0bf8b83eb4159ee513f3453effd"
            },
            "require": {
                "ext-curl": "*",
                "ext-json": "*",
                "ext-mbstring": "*",
                "php": ">=8.0",
                "php-ds/php-ds": "^1.4",
                "psr/log": "^2.0 || ^3.0",
                "yoomoney/yookassa-sdk-validator": "^1.0"
            },
            "require-dev": {
                "ext-xml": "*",
                "friendsofphp/php-cs-fixer": "^3.15",
                "mockery/mockery": "^1.5",
                "php-parallel-lint/php-parallel-lint": "^1.3",
                "phpmd/phpmd": "^2.13",
                "phpstan/phpstan": "^1.10",
                "phpunit/phpunit": "^9.6",
                "yoomoney/yookassa-fakerphp": "^1.0"
            },
            "type": "library",
            "autoload": {
                "psr-4": {
                    "YooKassa\\": "lib/"
                }
            },
            "notification-url": "https://packagist.org/downloads/",
            "license": [
                "MIT"
            ],
            "authors": [
                {
                    "name": "YooMoney",
                    "email": "cms@yoomoney.ru"
                }
            ],
            "description": "This is a developer tool for integration with YooMoney.",
            "homepage": "https://yookassa.ru/developers/api",
            "keywords": [
                "api",
                "payments",
                "sdk",
                "yookassa",
                "yoomoney"
            ],
            "time": "2025-09-04T11:26:26+00:00"
        },
        {
            "name": "yoomoney/yookassa-sdk-validator",
            "version": "1.0.3",
            "source": {
                "type": "git",
                "url": "https://git.yoomoney.ru/scm/sdk/yookassa-sdk-validator-php.git",
                "reference": "1068864a5179dcbb93b244bff43c0e6bc531b62a"
            },
            "dist": {
                "type": "zip",
                "url": "https://git.yoomoney.ru/rest/api/latest/projects/SDK/repos/yookassa-sdk-validator-php/archive?at=refs%2Ftags%2F1.0.3&format=zip"
            },
            "require": {
                "ext-mbstring": "*",
                "php": ">=8.0.0"
            },
            "require-dev": {
                "ext-xml": "*",
                "phpunit/phpunit": "^9.6"
            },
            "type": "library",
            "autoload": {
                "psr-4": {
                    "YooKassa\\Validator\\": "src/"
                }
            },
            "notification-url": "https://packagist.org/downloads/",
            "license": [
                "MIT"
            ],
            "authors": [
                {
                    "name": "YooMoney",
                    "email": "cms@yoomoney.ru"
                }
            ],
            "description": "This is a developer tool for validating with YooMoney.",
            "time": "2024-12-16T16:29:49+00:00"
        }
    ],
    "packages-dev": [],
    "aliases": [],
    "minimum-stability": "stable",
    "stability-flags": [],
    "prefer-stable": false,
    "prefer-lowest": false,
    "platform": [],
    "platform-dev": [],
    "plugin-api-version": "2.3.0"
}
